// !$*UTF8*$!
{
	archiveVersion = 1;
	classes = {
	};
	objectVersion = 50;
	objects = {

/* Begin PBXBuildFile section */
		1886A4162213C52D00A67740 /* CYRToken.h in Headers */ = {isa = PBXBuildFile; fileRef = 1886A40D2213C52C00A67740 /* CYRToken.h */; };
		1886A4182213C52D00A67740 /* CYRToken.m in Sources */ = {isa = PBXBuildFile; fileRef = 1886A40F2213C52C00A67740 /* CYRToken.m */; };
		1886A4192213C52D00A67740 /* CYRTextView.m in Sources */ = {isa = PBXBuildFile; fileRef = 1886A4102213C52C00A67740 /* CYRTextView.m */; };
		1886A41A2213C52D00A67740 /* CYRLayoutManager.h in Headers */ = {isa = PBXBuildFile; fileRef = 1886A4112213C52C00A67740 /* CYRLayoutManager.h */; };
		1886A41B2213C52D00A67740 /* CYRLayoutManager.m in Sources */ = {isa = PBXBuildFile; fileRef = 1886A4122213C52C00A67740 /* CYRLayoutManager.m */; };
		1886A41C2213C52D00A67740 /* CYRTextStorage.h in Headers */ = {isa = PBXBuildFile; fileRef = 1886A4132213C52C00A67740 /* CYRTextStorage.h */; };
		1886A41D2213C52D00A67740 /* CYRTextView.h in Headers */ = {isa = PBXBuildFile; fileRef = 1886A4142213C52D00A67740 /* CYRTextView.h */; };
		1886A41E2213C52D00A67740 /* CYRTextStorage.m in Sources */ = {isa = PBXBuildFile; fileRef = 1886A4152213C52D00A67740 /* CYRTextStorage.m */; };
/* End PBXBuildFile section */

/* Begin PBXFileReference section */
		1806FD172213BE2000E3CC96 /* libCYRTextView.framework */ = {isa = PBXFileReference; explicitFileType = wrapper.framework; includeInIndex = 0; path = libCYRTextView.framework; sourceTree = BUILT_PRODUCTS_DIR; };
		1886A40D2213C52C00A67740 /* CYRToken.h */ = {isa = PBXFileReference; fileEncoding = 4; lastKnownFileType = sourcecode.c.h; name = CYRToken.h; path = ../external/CYRTextView/CRYTextViewKit/CYRToken.h; sourceTree = "<group>"; };
		1886A40F2213C52C00A67740 /* CYRToken.m */ = {isa = PBXFileReference; fileEncoding = 4; lastKnownFileType = sourcecode.c.objc; name = CYRToken.m; path = ../external/CYRTextView/CRYTextViewKit/CYRToken.m; sourceTree = "<group>"; };
		1886A4102213C52C00A67740 /* CYRTextView.m */ = {isa = PBXFileReference; fileEncoding = 4; lastKnownFileType = sourcecode.c.objc; name = CYRTextView.m; path = ../external/CYRTextView/CRYTextViewKit/CYRTextView.m; sourceTree = "<group>"; };
		1886A4112213C52C00A67740 /* CYRLayoutManager.h */ = {isa = PBXFileReference; fileEncoding = 4; lastKnownFileType = sourcecode.c.h; name = CYRLayoutManager.h; path = ../external/CYRTextView/CRYTextViewKit/CYRLayoutManager.h; sourceTree = "<group>"; };
		1886A4122213C52C00A67740 /* CYRLayoutManager.m */ = {isa = PBXFileReference; fileEncoding = 4; lastKnownFileType = sourcecode.c.objc; name = CYRLayoutManager.m; path = ../external/CYRTextView/CRYTextViewKit/CYRLayoutManager.m; sourceTree = "<group>"; };
		1886A4132213C52C00A67740 /* CYRTextStorage.h */ = {isa = PBXFileReference; fileEncoding = 4; lastKnownFileType = sourcecode.c.h; name = CYRTextStorage.h; path = ../external/CYRTextView/CRYTextViewKit/CYRTextStorage.h; sourceTree = "<group>"; };
		1886A4142213C52D00A67740 /* CYRTextView.h */ = {isa = PBXFileReference; fileEncoding = 4; lastKnownFileType = sourcecode.c.h; name = CYRTextView.h; path = ../external/CYRTextView/CRYTextViewKit/CYRTextView.h; sourceTree = "<group>"; };
		1886A4152213C52D00A67740 /* CYRTextStorage.m */ = {isa = PBXFileReference; fileEncoding = 4; lastKnownFileType = sourcecode.c.objc; name = CYRTextStorage.m; path = ../external/CYRTextView/CRYTextViewKit/CYRTextStorage.m; sourceTree = "<group>"; };
/* End PBXFileReference section */

/* Begin PBXFrameworksBuildPhase section */
		1806FD142213BE2000E3CC96 /* Frameworks */ = {
			isa = PBXFrameworksBuildPhase;
			buildActionMask = 2147483647;
			files = (
			);
			runOnlyForDeploymentPostprocessing = 0;
		};
/* End PBXFrameworksBuildPhase section */

/* Begin PBXGroup section */
		1806FD0D2213BE2000E3CC96 = {
			isa = PBXGroup;
			children = (
				1886A4112213C52C00A67740 /* CYRLayoutManager.h */,
				1886A4122213C52C00A67740 /* CYRLayoutManager.m */,
				1886A4132213C52C00A67740 /* CYRTextStorage.h */,
				1886A4152213C52D00A67740 /* CYRTextStorage.m */,
				1886A4142213C52D00A67740 /* CYRTextView.h */,
				1886A4102213C52C00A67740 /* CYRTextView.m */,
				1886A40D2213C52C00A67740 /* CYRToken.h */,
				1886A40F2213C52C00A67740 /* CYRToken.m */,
				1806FD182213BE2000E3CC96 /* Products */,
			);
			sourceTree = "<group>";
		};
		1806FD182213BE2000E3CC96 /* Products */ = {
			isa = PBXGroup;
			children = (
				1806FD172213BE2000E3CC96 /* libCYRTextView.framework */,
			);
			name = Products;
			sourceTree = "<group>";
		};
/* End PBXGroup section */

/* Begin PBXHeadersBuildPhase section */
		1806FD122213BE2000E3CC96 /* Headers */ = {
			isa = PBXHeadersBuildPhase;
			buildActionMask = 2147483647;
			files = (
				1886A41D2213C52D00A67740 /* CYRTextView.h in Headers */,
				1886A4162213C52D00A67740 /* CYRToken.h in Headers */,
				1886A41C2213C52D00A67740 /* CYRTextStorage.h in Headers */,
				1886A41A2213C52D00A67740 /* CYRLayoutManager.h in Headers */,
			);
			runOnlyForDeploymentPostprocessing = 0;
		};
/* End PBXHeadersBuildPhase section */

/* Begin PBXNativeTarget section */
		1806FD162213BE2000E3CC96 /* libCYRTextView */ = {
			isa = PBXNativeTarget;
			buildConfigurationList = 1806FD1F2213BE2000E3CC96 /* Build configuration list for PBXNativeTarget "libCYRTextView" */;
			buildPhases = (
				1806FD122213BE2000E3CC96 /* Headers */,
				1806FD132213BE2000E3CC96 /* Sources */,
				1806FD142213BE2000E3CC96 /* Frameworks */,
				1806FD152213BE2000E3CC96 /* Resources */,
			);
			buildRules = (
			);
			dependencies = (
			);
			name = libCYRTextView;
			productName = CYRTextView;
			productReference = 1806FD172213BE2000E3CC96 /* libCYRTextView.framework */;
			productType = "com.apple.product-type.framework";
		};
/* End PBXNativeTarget section */

/* Begin PBXProject section */
		1806FD0E2213BE2000E3CC96 /* Project object */ = {
			isa = PBXProject;
			attributes = {
				LastUpgradeCheck = 1010;
				ORGANIZATIONNAME = Codefoco;
				TargetAttributes = {
					1806FD162213BE2000E3CC96 = {
						CreatedOnToolsVersion = 10.1;
					};
				};
			};
			buildConfigurationList = 1806FD112213BE2000E3CC96 /* Build configuration list for PBXProject "CYRTextView" */;
			compatibilityVersion = "Xcode 9.3";
			developmentRegion = en;
			hasScannedForEncodings = 0;
			knownRegions = (
				en,
			);
			mainGroup = 1806FD0D2213BE2000E3CC96;
			productRefGroup = 1806FD182213BE2000E3CC96 /* Products */;
			projectDirPath = "";
			projectRoot = "";
			targets = (
				1806FD162213BE2000E3CC96 /* libCYRTextView */,
			);
		};
/* End PBXProject section */

/* Begin PBXResourcesBuildPhase section */
		1806FD152213BE2000E3CC96 /* Resources */ = {
			isa = PBXResourcesBuildPhase;
			buildActionMask = 2147483647;
			files = (
			);
			runOnlyForDeploymentPostprocessing = 0;
		};
/* End PBXResourcesBuildPhase section */

/* Begin PBXSourcesBuildPhase section */
		1806FD132213BE2000E3CC96 /* Sources */ = {
			isa = PBXSourcesBuildPhase;
			buildActionMask = 2147483647;
			files = (
				1886A41B2213C52D00A67740 /* CYRLayoutManager.m in Sources */,
				1886A4192213C52D00A67740 /* CYRTextView.m in Sources */,
				1886A4182213C52D00A67740 /* CYRToken.m in Sources */,
				1886A41E2213C52D00A67740 /* CYRTextStorage.m in Sources */,
			);
			runOnlyForDeploymentPostprocessing = 0;
		};
/* End PBXSourcesBuildPhase section */

/* Begin XCBuildConfiguration section */
		1806FD1D2213BE2000E3CC96 /* Debug */ = {
			isa = XCBuildConfiguration;
			buildSettings = {
				ALWAYS_SEARCH_USER_PATHS = NO;
				CLANG_ANALYZER_NONNULL = YES;
				CLANG_ANALYZER_NUMBER_OBJECT_CONVERSION = YES_AGGRESSIVE;
				CLANG_CXX_LANGUAGE_STANDARD = "gnu++14";
				CLANG_CXX_LIBRARY = "libc++";
				CLANG_ENABLE_MODULES = YES;
				CLANG_ENABLE_OBJC_ARC = YES;
				CLANG_ENABLE_OBJC_WEAK = YES;
				CLANG_WARN_BLOCK_CAPTURE_AUTORELEASING = YES;
				CLANG_WARN_BOOL_CONVERSION = YES;
				CLANG_WARN_COMMA = YES;
				CLANG_WARN_CONSTANT_CONVERSION = YES;
				CLANG_WARN_DEPRECATED_OBJC_IMPLEMENTATIONS = YES;
				CLANG_WARN_DIRECT_OBJC_ISA_USAGE = YES_ERROR;
				CLANG_WARN_DOCUMENTATION_COMMENTS = YES;
				CLANG_WARN_EMPTY_BODY = YES;
				CLANG_WARN_ENUM_CONVERSION = YES;
				CLANG_WARN_INFINITE_RECURSION = YES;
				CLANG_WARN_INT_CONVERSION = YES;
				CLANG_WARN_NON_LITERAL_NULL_CONVERSION = YES;
				CLANG_WARN_OBJC_IMPLICIT_RETAIN_SELF = YES;
				CLANG_WARN_OBJC_LITERAL_CONVERSION = YES;
				CLANG_WARN_OBJC_ROOT_CLASS = YES_ERROR;
				CLANG_WARN_RANGE_LOOP_ANALYSIS = YES;
				CLANG_WARN_STRICT_PROTOTYPES = YES;
				CLANG_WARN_SUSPICIOUS_MOVE = YES;
				CLANG_WARN_UNGUARDED_AVAILABILITY = YES_AGGRESSIVE;
				CLANG_WARN_UNREACHABLE_CODE = YES;
				CLANG_WARN__DUPLICATE_METHOD_MATCH = YES;
				CODE_SIGN_IDENTITY = "iPhone Developer";
				COPY_PHASE_STRIP = NO;
				CURRENT_PROJECT_VERSION = 1;
				DEBUG_INFORMATION_FORMAT = dwarf;
				ENABLE_STRICT_OBJC_MSGSEND = YES;
				ENABLE_TESTABILITY = YES;
				GCC_C_LANGUAGE_STANDARD = gnu11;
				GCC_DYNAMIC_NO_PIC = NO;
				GCC_NO_COMMON_BLOCKS = YES;
				GCC_OPTIMIZATION_LEVEL = 0;
				GCC_PREPROCESSOR_DEFINITIONS = (
					"DEBUG=1",
					"$(inherited)",
				);
				GCC_WARN_64_TO_32_BIT_CONVERSION = YES;
				GCC_WARN_ABOUT_RETURN_TYPE = YES_ERROR;
				GCC_WARN_UNDECLARED_SELECTOR = YES;
				GCC_WARN_UNINITIALIZED_AUTOS = YES_AGGRESSIVE;
				GCC_WARN_UNUSED_FUNCTION = YES;
				GCC_WARN_UNUSED_VARIABLE = YES;
				IPHONEOS_DEPLOYMENT_TARGET = 11.0;
				MTL_ENABLE_DEBUG_INFO = INCLUDE_SOURCE;
				MTL_FAST_MATH = YES;
				ONLY_ACTIVE_ARCH = YES;
				SDKROOT = iphoneos;
				VERSIONING_SYSTEM = "apple-generic";
				VERSION_INFO_PREFIX = "";
			};
			name = Debug;
		};
		1806FD1E2213BE2000E3CC96 /* Release */ = {
			isa = XCBuildConfiguration;
			buildSettings = {
				ALWAYS_SEARCH_USER_PATHS = NO;
				CLANG_ANALYZER_NONNULL = YES;
				CLANG_ANALYZER_NUMBER_OBJECT_CONVERSION = YES_AGGRESSIVE;
				CLANG_CXX_LANGUAGE_STANDARD = "gnu++14";
				CLANG_CXX_LIBRARY = "libc++";
				CLANG_ENABLE_MODULES = YES;
				CLANG_ENABLE_OBJC_ARC = YES;
				CLANG_ENABLE_OBJC_WEAK = YES;
				CLANG_WARN_BLOCK_CAPTURE_AUTORELEASING = YES;
				CLANG_WARN_BOOL_CONVERSION = YES;
				CLANG_WARN_COMMA = YES;
				CLANG_WARN_CONSTANT_CONVERSION = YES;
				CLANG_WARN_DEPRECATED_OBJC_IMPLEMENTATIONS = YES;
				CLANG_WARN_DIRECT_OBJC_ISA_USAGE = YES_ERROR;
				CLANG_WARN_DOCUMENTATION_COMMENTS = YES;
				CLANG_WARN_EMPTY_BODY = YES;
				CLANG_WARN_ENUM_CONVERSION = YES;
				CLANG_WARN_INFINITE_RECURSION = YES;
				CLANG_WARN_INT_CONVERSION = YES;
				CLANG_WARN_NON_LITERAL_NULL_CONVERSION = YES;
				CLANG_WARN_OBJC_IMPLICIT_RETAIN_SELF = YES;
				CLANG_WARN_OBJC_LITERAL_CONVERSION = YES;
				CLANG_WARN_OBJC_ROOT_CLASS = YES_ERROR;
				CLANG_WARN_RANGE_LOOP_ANALYSIS = YES;
				CLANG_WARN_STRICT_PROTOTYPES = YES;
				CLANG_WARN_SUSPICIOUS_MOVE = YES;
				CLANG_WARN_UNGUARDED_AVAILABILITY = YES_AGGRESSIVE;
				CLANG_WARN_UNREACHABLE_CODE = YES;
				CLANG_WARN__DUPLICATE_METHOD_MATCH = YES;
				CODE_SIGN_IDENTITY = "iPhone Developer";
				COPY_PHASE_STRIP = NO;
				CURRENT_PROJECT_VERSION = 1;
				DEBUG_INFORMATION_FORMAT = "dwarf-with-dsym";
				ENABLE_NS_ASSERTIONS = NO;
				ENABLE_STRICT_OBJC_MSGSEND = YES;
				GCC_C_LANGUAGE_STANDARD = gnu11;
				GCC_NO_COMMON_BLOCKS = YES;
				GCC_WARN_64_TO_32_BIT_CONVERSION = YES;
				GCC_WARN_ABOUT_RETURN_TYPE = YES_ERROR;
				GCC_WARN_UNDECLARED_SELECTOR = YES;
				GCC_WARN_UNINITIALIZED_AUTOS = YES_AGGRESSIVE;
				GCC_WARN_UNUSED_FUNCTION = YES;
				GCC_WARN_UNUSED_VARIABLE = YES;
				IPHONEOS_DEPLOYMENT_TARGET = 11.0;
				MTL_ENABLE_DEBUG_INFO = NO;
				MTL_FAST_MATH = YES;
				SDKROOT = iphoneos;
				VALIDATE_PRODUCT = YES;
				VERSIONING_SYSTEM = "apple-generic";
				VERSION_INFO_PREFIX = "";
			};
			name = Release;
		};
		1806FD202213BE2000E3CC96 /* Debug */ = {
			isa = XCBuildConfiguration;
			buildSettings = {
				CODE_SIGN_IDENTITY = "";
				CODE_SIGN_STYLE = Automatic;
				DEFINES_MODULE = YES;
				DEVELOPMENT_TEAM = FQHJB2L9HW;
				DYLIB_COMPATIBILITY_VERSION = 1;
				DYLIB_CURRENT_VERSION = 1;
				DYLIB_INSTALL_NAME_BASE = "@rpath";
				INFOPLIST_FILE = "$(SRCROOT)/Info.plist";
				INSTALL_PATH = "$(LOCAL_LIBRARY_DIR)/Frameworks";
				IPHONEOS_DEPLOYMENT_TARGET = 11.0;
				LD_RUNPATH_SEARCH_PATHS = (
					"$(inherited)",
					"@executable_path/Frameworks",
					"@loader_path/Frameworks",
				);
				PRODUCT_BUNDLE_IDENTIFIER = com.codefoco.CYRTextView;
				PRODUCT_NAME = "$(TARGET_NAME:c99extidentifier)";
				SKIP_INSTALL = YES;
				TARGETED_DEVICE_FAMILY = "1,2";
			};
			name = Debug;
		};
		1806FD212213BE2000E3CC96 /* Release */ = {
			isa = XCBuildConfiguration;
			buildSettings = {
				CODE_SIGN_IDENTITY = "";
				CODE_SIGN_STYLE = Automatic;
				DEFINES_MODULE = YES;
				DEVELOPMENT_TEAM = FQHJB2L9HW;
				DYLIB_COMPATIBILITY_VERSION = 1;
				DYLIB_CURRENT_VERSION = 1;
				DYLIB_INSTALL_NAME_BASE = "@rpath";
				INFOPLIST_FILE = "$(SRCROOT)/Info.plist";
				INSTALL_PATH = "$(LOCAL_LIBRARY_DIR)/Frameworks";
				IPHONEOS_DEPLOYMENT_TARGET = 11.0;
				LD_RUNPATH_SEARCH_PATHS = (
					"$(inherited)",
					"@executable_path/Frameworks",
					"@loader_path/Frameworks",
				);
				PRODUCT_BUNDLE_IDENTIFIER = com.codefoco.CYRTextView;
				PRODUCT_NAME = "$(TARGET_NAME:c99extidentifier)";
				SKIP_INSTALL = YES;
				TARGETED_DEVICE_FAMILY = "1,2";
				"VALID_ARCHS[sdk=iphoneos*]" = "arm64 arm64e armv7 armv7s";
				"VALID_ARCHS[sdk=iphonesimulator*]" = "i386 x86_64";
			};
			name = Release;
		};
/* End XCBuildConfiguration section */

/* Begin XCConfigurationList section */
		1806FD112213BE2000E3CC96 /* Build configuration list for PBXProject "CYRTextView" */ = {
			isa = XCConfigurationList;
			buildConfigurations = (
				1806FD1D2213BE2000E3CC96 /* Debug */,
				1806FD1E2213BE2000E3CC96 /* Release */,
			);
			defaultConfigurationIsVisible = 0;
			defaultConfigurationName = Release;
		};
		1806FD1F2213BE2000E3CC96 /* Build configuration list for PBXNativeTarget "libCYRTextView" */ = {
			isa = XCConfigurationList;
			buildConfigurations = (
				1806FD202213BE2000E3CC96 /* Debug */,
				1806FD212213BE2000E3CC96 /* Release */,
			);
			defaultConfigurationIsVisible = 0;
			defaultConfigurationName = Release;
		};
/* End XCConfigurationList section */
	};
	rootObject = 1806FD0E2213BE2000E3CC96 /* Project object */;
}
